
Microsoft Visual Studio Solution File, Format Version 12.00
# Visual Studio 15
VisualStudioVersion = 15.0.26228.98
MinimumVisualStudioVersion = 10.0.40219.1
Project("{FAE04EC0-301F-11D3-BF4B-00C04F79EFBC}") = "BDDCore", "BDDCore\BDDCore.csproj", "{45C48497-4EF5-47CC-A255-FA372887DC70}"
EndProject
Project("{FAE04EC0-301F-11D3-BF4B-00C04F79EFBC}") = "BDDPageObject", "BDDPageObject\BDDPageObject.csproj", "{9D74DDF8-91B9-49FB-88BA-2492D549D11B}"
EndProject
Project("{FAE04EC0-301F-11D3-BF4B-00C04F79EFBC}") = "BDD_Test", "BDD_Test\BDD_Test.csproj", "{48AEABE0-A1D0-4A21-BE35-2802A412D307}"
EndProject
Global
	GlobalSection(SolutionConfigurationPlatforms) = preSolution
		Debug|Any CPU = Debug|Any CPU
		Debug|x86 = Debug|x86
		Release|Any CPU = Release|Any CPU
		Release|x86 = Release|x86
	EndGlobalSection
	GlobalSection(ProjectConfigurationPlatforms) = postSolution
		{45C48497-4EF5-47CC-A255-FA372887DC70}.Debug|Any CPU.ActiveCfg = Debug|Any CPU
		{45C48497-4EF5-47CC-A255-FA372887DC70}.Debug|Any CPU.Build.0 = Debug|Any CPU
		{45C48497-4EF5-47CC-A255-FA372887DC70}.Debug|x86.ActiveCfg = Debug|x86
		{45C48497-4EF5-47CC-A255-FA372887DC70}.Debug|x86.Build.0 = Debug|x86
		{45C48497-4EF5-47CC-A255-FA372887DC70}.Release|Any CPU.ActiveCfg = Release|Any CPU
		{45C48497-4EF5-47CC-A255-FA372887DC70}.Release|Any CPU.Build.0 = Release|Any CPU
		{45C48497-4EF5-47CC-A255-FA372887DC70}.Release|x86.ActiveCfg = Release|Any CPU
		{45C48497-4EF5-47CC-A255-FA372887DC70}.Release|x86.Build.0 = Release|Any CPU
		{9D74DDF8-91B9-49FB-88BA-2492D549D11B}.Debug|Any CPU.ActiveCfg = Debug|Any CPU
		{9D74DDF8-91B9-49FB-88BA-2492D549D11B}.Debug|Any CPU.Build.0 = Debug|Any CPU
		{9D74DDF8-91B9-49FB-88BA-2492D549D11B}.Debug|x86.ActiveCfg = Debug|x86
		{9D74DDF8-91B9-49FB-88BA-2492D549D11B}.Debug|x86.Build.0 = Debug|x86
		{9D74DDF8-91B9-49FB-88BA-2492D549D11B}.Release|Any CPU.ActiveCfg = Release|Any CPU
		{9D74DDF8-91B9-49FB-88BA-2492D549D11B}.Release|Any CPU.Build.0 = Release|Any CPU
		{9D74DDF8-91B9-49FB-88BA-2492D549D11B}.Release|x86.ActiveCfg = Release|Any CPU
		{9D74DDF8-91B9-49FB-88BA-2492D549D11B}.Release|x86.Build.0 = Release|Any CPU
		{48AEABE0-A1D0-4A21-BE35-2802A412D307}.Debug|Any CPU.ActiveCfg = Debug|Any CPU
		{48AEABE0-A1D0-4A21-BE35-2802A412D307}.Debug|Any CPU.Build.0 = Debug|Any CPU
		{48AEABE0-A1D0-4A21-BE35-2802A412D307}.Debug|x86.ActiveCfg = Debug|x86
		{48AEABE0-A1D0-4A21-BE35-2802A412D307}.Debug|x86.Build.0 = Debug|x86
		{48AEABE0-A1D0-4A21-BE35-2802A412D307}.Release|Any CPU.ActiveCfg = Release|Any CPU
		{48AEABE0-A1D0-4A21-BE35-2802A412D307}.Release|Any CPU.Build.0 = Release|Any CPU
		{48AEABE0-A1D0-4A21-BE35-2802A412D307}.Release|x86.ActiveCfg = Release|x86
		{48AEABE0-A1D0-4A21-BE35-2802A412D307}.Release|x86.Build.0 = Release|x86
	EndGlobalSection
	GlobalSection(SolutionProperties) = preSolution
		HideSolutionNode = FALSE
	EndGlobalSection
EndGlobal
